# This file is automatically @generated by Cargo.
# It is not intended for manual editing.
version = 3

[[package]]
name = "rtor"
version = "0.1.0"
source = "git+https://github.com/importwu/rtor.git#6011dd9c0ec4aa2984282b87b6ddac81cd107d2d"

[[package]]
name = "seq"
version = "0.1.0"
dependencies = [
 "rtor",
]
