# This file is automatically @generated by Cargo.
# It is not intended for manual editing.
version = 3

[[package]]
name = "rtor"
version = "0.1.0"
source = "git+https://github.com/importwu/rtor.git#2ffbb0f168d6585463f8b59acb774f1047947ad6"

[[package]]
name = "seq"
version = "0.1.0"
dependencies = [
 "rtor",
]
