# This file is automatically @generated by Cargo.
# It is not intended for manual editing.
version = 3

[[package]]
name = "rtor"
version = "0.1.0"
source = "git+https://github.com/importwu/rtor.git#79d0ae0f8ed99abe2a530e52213ac88914f5b9ba"

[[package]]
name = "seq"
version = "0.1.0"
dependencies = [
 "rtor",
]
